
Microsoft Visual Studio Solution File, Format Version 12.00
# Visual Studio Version 16
VisualStudioVersion = 16.0.31605.320
MinimumVisualStudioVersion = 10.0.40219.1
Project("{FAE04EC0-301F-11D3-BF4B-00C04F79EFBC}") = "DotNetCoreMVCDemos", "DotNetCoreMVCDemos\DotNetCoreMVCDemos.csproj", "{A62FB034-DC29-474B-8D58-0AE8341022D1}"
EndProject
Global
	GlobalSection(SolutionConfigurationPlatforms) = preSolution
		Debug|Any CPU = Debug|Any CPU
		Release|Any CPU = Release|Any CPU
	EndGlobalSection
	GlobalSection(ProjectConfigurationPlatforms) = postSolution
		{A62FB034-DC29-474B-8D58-0AE8341022D1}.Debug|Any CPU.ActiveCfg = Debug|Any CPU
		{A62FB034-DC29-474B-8D58-0AE8341022D1}.Debug|Any CPU.Build.0 = Debug|Any CPU
		{A62FB034-DC29-474B-8D58-0AE8341022D1}.Release|Any CPU.ActiveCfg = Release|Any CPU
		{A62FB034-DC29-474B-8D58-0AE8341022D1}.Release|Any CPU.Build.0 = Release|Any CPU
	EndGlobalSection
	GlobalSection(SolutionProperties) = preSolution
		HideSolutionNode = FALSE
	EndGlobalSection
	GlobalSection(ExtensibilityGlobals) = postSolution
		SolutionGuid = {AEEF2958-7F9B-4ACD-BC3E-2A3AFF6C0D3D}
	EndGlobalSection
EndGlobal
